// !$*UTF8*$!
{
	archiveVersion = 1;
	classes = {
	};
	objectVersion = 50;
	objects = {

/* Begin PBXBuildFile section */
		295FE0CA24DDAB01007F4B52 /* AppDelegate.swift in Sources */ = {isa = PBXBuildFile; fileRef = 295FE0C924DDAB01007F4B52 /* AppDelegate.swift */; };
		295FE0CC24DDAB01007F4B52 /* SceneDelegate.swift in Sources */ = {isa = PBXBuildFile; fileRef = 295FE0CB24DDAB01007F4B52 /* SceneDelegate.swift */; };
		295FE0CE24DDAB01007F4B52 /* ViewController.swift in Sources */ = {isa = PBXBuildFile; fileRef = 295FE0CD24DDAB01007F4B52 /* ViewController.swift */; };
		295FE0D124DDAB01007F4B52 /* Main.storyboard in Resources */ = {isa = PBXBuildFile; fileRef = 295FE0CF24DDAB01007F4B52 /* Main.storyboard */; };
		295FE0D324DDAB03007F4B52 /* Assets.xcassets in Resources */ = {isa = PBXBuildFile; fileRef = 295FE0D224DDAB03007F4B52 /* Assets.xcassets */; };
		295FE0D624DDAB03007F4B52 /* LaunchScreen.storyboard in Resources */ = {isa = PBXBuildFile; fileRef = 295FE0D424DDAB03007F4B52 /* LaunchScreen.storyboard */; };
		295FE0E124DDAB03007F4B52 /* TestTests.swift in Sources */ = {isa = PBXBuildFile; fileRef = 295FE0E024DDAB03007F4B52 /* TestTests.swift */; };
		295FE0EC24DDAB03007F4B52 /* TestUITests.swift in Sources */ = {isa = PBXBuildFile; fileRef = 295FE0EB24DDAB03007F4B52 /* TestUITests.swift */; };
/* End PBXBuildFile section */

/* Begin PBXContainerItemProxy section */
		295FE0DD24DDAB03007F4B52 /* PBXContainerItemProxy */ = {
			isa = PBXContainerItemProxy;
			containerPortal = 295FE0BE24DDAB01007F4B52 /* Project object */;
			proxyType = 1;
			remoteGlobalIDString = 295FE0C524DDAB01007F4B52;
			remoteInfo = Test;
		};
		295FE0E824DDAB03007F4B52 /* PBXContainerItemProxy */ = {
			isa = PBXContainerItemProxy;
			containerPortal = 295FE0BE24DDAB01007F4B52 /* Project object */;
			proxyType = 1;
			remoteGlobalIDString = 295FE0C524DDAB01007F4B52;
			remoteInfo = Test;
		};
/* End PBXContainerItemProxy section */

/* Begin PBXFileReference section */
		295FE0C624DDAB01007F4B52 /* Test.app */ = {isa = PBXFileReference; explicitFileType = wrapper.application; includeInIndex = 0; path = Test.app; sourceTree = BUILT_PRODUCTS_DIR; };
		295FE0C924DDAB01007F4B52 /* AppDelegate.swift */ = {isa = PBXFileReference; lastKnownFileType = sourcecode.swift; path = AppDelegate.swift; sourceTree = "<group>"; };
		295FE0CB24DDAB01007F4B52 /* SceneDelegate.swift */ = {isa = PBXFileReference; lastKnownFileType = sourcecode.swift; path = SceneDelegate.swift; sourceTree = "<group>"; };
		295FE0CD24DDAB01007F4B52 /* ViewController.swift */ = {isa = PBXFileReference; lastKnownFileType = sourcecode.swift; path = ViewController.swift; sourceTree = "<group>"; };
		295FE0D024DDAB01007F4B52 /* Base */ = {isa = PBXFileReference; lastKnownFileType = file.storyboard; name = Base; path = Base.lproj/Main.storyboard; sourceTree = "<group>"; };
		295FE0D224DDAB03007F4B52 /* Assets.xcassets */ = {isa = PBXFileReference; lastKnownFileType = folder.assetcatalog; path = Assets.xcassets; sourceTree = "<group>"; };
		295FE0D524DDAB03007F4B52 /* Base */ = {isa = PBXFileReference; lastKnownFileType = file.storyboard; name = Base; path = Base.lproj/LaunchScreen.storyboard; sourceTree = "<group>"; };
		295FE0D724DDAB03007F4B52 /* Info.plist */ = {isa = PBXFileReference; lastKnownFileType = text.plist.xml; path = Info.plist; sourceTree = "<group>"; };
		295FE0DC24DDAB03007F4B52 /* TestTests.xctest */ = {isa = PBXFileReference; explicitFileType = wrapper.cfbundle; includeInIndex = 0; path = TestTests.xctest; sourceTree = BUILT_PRODUCTS_DIR; };
		295FE0E024DDAB03007F4B52 /* TestTests.swift */ = {isa = PBXFileReference; lastKnownFileType = sourcecode.swift; path = TestTests.swift; sourceTree = "<group>"; };
		295FE0E224DDAB03007F4B52 /* Info.plist */ = {isa = PBXFileReference; lastKnownFileType = text.plist.xml; path = Info.plist; sourceTree = "<group>"; };
		295FE0E724DDAB03007F4B52 /* TestUITests.xctest */ = {isa = PBXFileReference; explicitFileType = wrapper.cfbundle; includeInIndex = 0; path = TestUITests.xctest; sourceTree = BUILT_PRODUCTS_DIR; };
		295FE0EB24DDAB03007F4B52 /* TestUITests.swift */ = {isa = PBXFileReference; lastKnownFileType = sourcecode.swift; path = TestUITests.swift; sourceTree = "<group>"; };
		295FE0ED24DDAB03007F4B52 /* Info.plist */ = {isa = PBXFileReference; lastKnownFileType = text.plist.xml; path = Info.plist; sourceTree = "<group>"; };
/* End PBXFileReference section */

/* Begin PBXFrameworksBuildPhase section */
		295FE0C324DDAB01007F4B52 /* Frameworks */ = {
			isa = PBXFrameworksBuildPhase;
			buildActionMask = 2147483647;
			files = (
			);
			runOnlyForDeploymentPostprocessing = 0;
		};
		295FE0D924DDAB03007F4B52 /* Frameworks */ = {
			isa = PBXFrameworksBuildPhase;
			buildActionMask = 2147483647;
			files = (
			);
			runOnlyForDeploymentPostprocessing = 0;
		};
		295FE0E424DDAB03007F4B52 /* Frameworks */ = {
			isa = PBXFrameworksBuildPhase;
			buildActionMask = 2147483647;
			files = (
			);
			runOnlyForDeploymentPostprocessing = 0;
		};
/* End PBXFrameworksBuildPhase section */

/* Begin PBXGroup section */
		295FE0BD24DDAB01007F4B52 = {
			isa = PBXGroup;
			children = (
				295FE0C824DDAB01007F4B52 /* Test */,
				295FE0DF24DDAB03007F4B52 /* TestTests */,
				295FE0EA24DDAB03007F4B52 /* TestUITests */,
				295FE0C724DDAB01007F4B52 /* Products */,
			);
			sourceTree = "<group>";
		};
		295FE0C724DDAB01007F4B52 /* Products */ = {
			isa = PBXGroup;
			children = (
				295FE0C624DDAB01007F4B52 /* Test.app */,
				295FE0DC24DDAB03007F4B52 /* TestTests.xctest */,
				295FE0E724DDAB03007F4B52 /* TestUITests.xctest */,
			);
			name = Products;
			sourceTree = "<group>";
		};
		295FE0C824DDAB01007F4B52 /* Test */ = {
			isa = PBXGroup;
			children = (
				295FE0C924DDAB01007F4B52 /* AppDelegate.swift */,
				295FE0CB24DDAB01007F4B52 /* SceneDelegate.swift */,
				295FE0CD24DDAB01007F4B52 /* ViewController.swift */,
				295FE0CF24DDAB01007F4B52 /* Main.storyboard */,
				295FE0D224DDAB03007F4B52 /* Assets.xcassets */,
				295FE0D424DDAB03007F4B52 /* LaunchScreen.storyboard */,
				295FE0D724DDAB03007F4B52 /* Info.plist */,
			);
			path = Test;
			sourceTree = "<group>";
		};
		295FE0DF24DDAB03007F4B52 /* TestTests */ = {
			isa = PBXGroup;
			children = (
				295FE0E024DDAB03007F4B52 /* TestTests.swift */,
				295FE0E224DDAB03007F4B52 /* Info.plist */,
			);
			path = TestTests;
			sourceTree = "<group>";
		};
		295FE0EA24DDAB03007F4B52 /* TestUITests */ = {
			isa = PBXGroup;
			children = (
				295FE0EB24DDAB03007F4B52 /* TestUITests.swift */,
				295FE0ED24DDAB03007F4B52 /* Info.plist */,
			);
			path = TestUITests;
			sourceTree = "<group>";
		};
/* End PBXGroup section */

/* Begin PBXNativeTarget section */
		295FE0C524DDAB01007F4B52 /* Test */ = {
			isa = PBXNativeTarget;
			buildConfigurationList = 295FE0F024DDAB03007F4B52 /* Build configuration list for PBXNativeTarget "Test" */;
			buildPhases = (
				295FE0C224DDAB01007F4B52 /* Sources */,
				295FE0C324DDAB01007F4B52 /* Frameworks */,
				295FE0C424DDAB01007F4B52 /* Resources */,
			);
			buildRules = (
			);
			dependencies = (
			);
			name = Test;
			productName = Test;
			productReference = 295FE0C624DDAB01007F4B52 /* Test.app */;
			productType = "com.apple.product-type.application";
		};
		295FE0DB24DDAB03007F4B52 /* TestTests */ = {
			isa = PBXNativeTarget;
			buildConfigurationList = 295FE0F324DDAB03007F4B52 /* Build configuration list for PBXNativeTarget "TestTests" */;
			buildPhases = (
				295FE0D824DDAB03007F4B52 /* Sources */,
				295FE0D924DDAB03007F4B52 /* Frameworks */,
				295FE0DA24DDAB03007F4B52 /* Resources */,
			);
			buildRules = (
			);
			dependencies = (
				295FE0DE24DDAB03007F4B52 /* PBXTargetDependency */,
			);
			name = TestTests;
			productName = TestTests;
			productReference = 295FE0DC24DDAB03007F4B52 /* TestTests.xctest */;
			productType = "com.apple.product-type.bundle.unit-test";
		};
		295FE0E624DDAB03007F4B52 /* TestUITests */ = {
			isa = PBXNativeTarget;
			buildConfigurationList = 295FE0F624DDAB03007F4B52 /* Build configuration list for PBXNativeTarget "TestUITests" */;
			buildPhases = (
				295FE0E324DDAB03007F4B52 /* Sources */,
				295FE0E424DDAB03007F4B52 /* Frameworks */,
				295FE0E524DDAB03007F4B52 /* Resources */,
			);
			buildRules = (
			);
			dependencies = (
				295FE0E924DDAB03007F4B52 /* PBXTargetDependency */,
			);
			name = TestUITests;
			productName = TestUITests;
			productReference = 295FE0E724DDAB03007F4B52 /* TestUITests.xctest */;
			productType = "com.apple.product-type.bundle.ui-testing";
		};
/* End PBXNativeTarget section */

/* Begin PBXProject section */
		295FE0BE24DDAB01007F4B52 /* Project object */ = {
			isa = PBXProject;
			attributes = {
				LastSwiftUpdateCheck = 1160;
				LastUpgradeCheck = 1160;
				ORGANIZATIONNAME = "Ohta Ryoga";
				TargetAttributes = {
					295FE0C524DDAB01007F4B52 = {
						CreatedOnToolsVersion = 11.6;
					};
					295FE0DB24DDAB03007F4B52 = {
						CreatedOnToolsVersion = 11.6;
						TestTargetID = 295FE0C524DDAB01007F4B52;
					};
					295FE0E624DDAB03007F4B52 = {
						CreatedOnToolsVersion = 11.6;
						TestTargetID = 295FE0C524DDAB01007F4B52;
					};
				};
			};
			buildConfigurationList = 295FE0C124DDAB01007F4B52 /* Build configuration list for PBXProject "Test" */;
			compatibilityVersion = "Xcode 9.3";
			developmentRegion = en;
			hasScannedForEncodings = 0;
			knownRegions = (
				en,
				Base,
			);
			mainGroup = 295FE0BD24DDAB01007F4B52;
			productRefGroup = 295FE0C724DDAB01007F4B52 /* Products */;
			projectDirPath = "";
			projectRoot = "";
			targets = (
				295FE0C524DDAB01007F4B52 /* Test */,
				295FE0DB24DDAB03007F4B52 /* TestTests */,
				295FE0E624DDAB03007F4B52 /* TestUITests */,
			);
		};
/* End PBXProject section */

/* Begin PBXResourcesBuildPhase section */
		295FE0C424DDAB01007F4B52 /* Resources */ = {
			isa = PBXResourcesBuildPhase;
			buildActionMask = 2147483647;
			files = (
				295FE0D624DDAB03007F4B52 /* LaunchScreen.storyboard in Resources */,
				295FE0D324DDAB03007F4B52 /* Assets.xcassets in Resources */,
				295FE0D124DDAB01007F4B52 /* Main.storyboard in Resources */,
			);
			runOnlyForDeploymentPostprocessing = 0;
		};
		295FE0DA24DDAB03007F4B52 /* Resources */ = {
			isa = PBXResourcesBuildPhase;
			buildActionMask = 2147483647;
			files = (
			);
			runOnlyForDeploymentPostprocessing = 0;
		};
		295FE0E524DDAB03007F4B52 /* Resources */ = {
			isa = PBXResourcesBuildPhase;
			buildActionMask = 2147483647;
			files = (
			);
			runOnlyForDeploymentPostprocessing = 0;
		};
/* End PBXResourcesBuildPhase section */

/* Begin PBXSourcesBuildPhase section */
		295FE0C224DDAB01007F4B52 /* Sources */ = {
			isa = PBXSourcesBuildPhase;
			buildActionMask = 2147483647;
			files = (
				295FE0CE24DDAB01007F4B52 /* ViewController.swift in Sources */,
				295FE0CA24DDAB01007F4B52 /* AppDelegate.swift in Sources */,
				295FE0CC24DDAB01007F4B52 /* SceneDelegate.swift in Sources */,
			);
			runOnlyForDeploymentPostprocessing = 0;
		};
		295FE0D824DDAB03007F4B52 /* Sources */ = {
			isa = PBXSourcesBuildPhase;
			buildActionMask = 2147483647;
			files = (
				295FE0E124DDAB03007F4B52 /* TestTests.swift in Sources */,
			);
			runOnlyForDeploymentPostprocessing = 0;
		};
		295FE0E324DDAB03007F4B52 /* Sources */ = {
			isa = PBXSourcesBuildPhase;
			buildActionMask = 2147483647;
			files = (
				295FE0EC24DDAB03007F4B52 /* TestUITests.swift in Sources */,
			);
			runOnlyForDeploymentPostprocessing = 0;
		};
/* End PBXSourcesBuildPhase section */

/* Begin PBXTargetDependency section */
		295FE0DE24DDAB03007F4B52 /* PBXTargetDependency */ = {
			isa = PBXTargetDependency;
			target = 295FE0C524DDAB01007F4B52 /* Test */;
			targetProxy = 295FE0DD24DDAB03007F4B52 /* PBXContainerItemProxy */;
		};
		295FE0E924DDAB03007F4B52 /* PBXTargetDependency */ = {
			isa = PBXTargetDependency;
			target = 295FE0C524DDAB01007F4B52 /* Test */;
			targetProxy = 295FE0E824DDAB03007F4B52 /* PBXContainerItemProxy */;
		};
/* End PBXTargetDependency section */

/* Begin PBXVariantGroup section */
		295FE0CF24DDAB01007F4B52 /* Main.storyboard */ = {
			isa = PBXVariantGroup;
			children = (
				295FE0D024DDAB01007F4B52 /* Base */,
			);
			name = Main.storyboard;
			sourceTree = "<group>";
		};
		295FE0D424DDAB03007F4B52 /* LaunchScreen.storyboard */ = {
			isa = PBXVariantGroup;
			children = (
				295FE0D524DDAB03007F4B52 /* Base */,
			);
			name = LaunchScreen.storyboard;
			sourceTree = "<group>";
		};
/* End PBXVariantGroup section */

/* Begin XCBuildConfiguration section */
		295FE0EE24DDAB03007F4B52 /* Debug */ = {
			isa = XCBuildConfiguration;
			buildSettings = {
				ALWAYS_SEARCH_USER_PATHS = NO;
				CLANG_ANALYZER_NONNULL = YES;
				CLANG_ANALYZER_NUMBER_OBJECT_CONVERSION = YES_AGGRESSIVE;
				CLANG_CXX_LANGUAGE_STANDARD = "gnu++14";
				CLANG_CXX_LIBRARY = "libc++";
				CLANG_ENABLE_MODULES = YES;
				CLANG_ENABLE_OBJC_ARC = YES;
				CLANG_ENABLE_OBJC_WEAK = YES;
				CLANG_WARN_BLOCK_CAPTURE_AUTORELEASING = YES;
				CLANG_WARN_BOOL_CONVERSION = YES;
				CLANG_WARN_COMMA = YES;
				CLANG_WARN_CONSTANT_CONVERSION = YES;
				CLANG_WARN_DEPRECATED_OBJC_IMPLEMENTATIONS = YES;
				CLANG_WARN_DIRECT_OBJC_ISA_USAGE = YES_ERROR;
				CLANG_WARN_DOCUMENTATION_COMMENTS = YES;
				CLANG_WARN_EMPTY_BODY = YES;
				CLANG_WARN_ENUM_CONVERSION = YES;
				CLANG_WARN_INFINITE_RECURSION = YES;
				CLANG_WARN_INT_CONVERSION = YES;
				CLANG_WARN_NON_LITERAL_NULL_CONVERSION = YES;
				CLANG_WARN_OBJC_IMPLICIT_RETAIN_SELF = YES;
				CLANG_WARN_OBJC_LITERAL_CONVERSION = YES;
				CLANG_WARN_OBJC_ROOT_CLASS = YES_ERROR;
				CLANG_WARN_RANGE_LOOP_ANALYSIS = YES;
				CLANG_WARN_STRICT_PROTOTYPES = YES;
				CLANG_WARN_SUSPICIOUS_MOVE = YES;
				CLANG_WARN_UNGUARDED_AVAILABILITY = YES_AGGRESSIVE;
				CLANG_WARN_UNREACHABLE_CODE = YES;
				CLANG_WARN__DUPLICATE_METHOD_MATCH = YES;
				COPY_PHASE_STRIP = NO;
				DEBUG_INFORMATION_FORMAT = dwarf;
				ENABLE_STRICT_OBJC_MSGSEND = YES;
				ENABLE_TESTABILITY = YES;
				GCC_C_LANGUAGE_STANDARD = gnu11;
				GCC_DYNAMIC_NO_PIC = NO;
				GCC_NO_COMMON_BLOCKS = YES;
				GCC_OPTIMIZATION_LEVEL = 0;
				GCC_PREPROCESSOR_DEFINITIONS = (
					"DEBUG=1",
					"$(inherited)",
				);
				GCC_WARN_64_TO_32_BIT_CONVERSION = YES;
				GCC_WARN_ABOUT_RETURN_TYPE = YES_ERROR;
				GCC_WARN_UNDECLARED_SELECTOR = YES;
				GCC_WARN_UNINITIALIZED_AUTOS = YES_AGGRESSIVE;
				GCC_WARN_UNUSED_FUNCTION = YES;
				GCC_WARN_UNUSED_VARIABLE = YES;
				IPHONEOS_DEPLOYMENT_TARGET = 13.6;
				MTL_ENABLE_DEBUG_INFO = INCLUDE_SOURCE;
				MTL_FAST_MATH = YES;
				ONLY_ACTIVE_ARCH = YES;
				SDKROOT = iphoneos;
				SWIFT_ACTIVE_COMPILATION_CONDITIONS = DEBUG;
				SWIFT_OPTIMIZATION_LEVEL = "-Onone";
			};
			name = Debug;
		};
		295FE0EF24DDAB03007F4B52 /* Release */ = {
			isa = XCBuildConfiguration;
			buildSettings = {
				ALWAYS_SEARCH_USER_PATHS = NO;
				CLANG_ANALYZER_NONNULL = YES;
				CLANG_ANALYZER_NUMBER_OBJECT_CONVERSION = YES_AGGRESSIVE;
				CLANG_CXX_LANGUAGE_STANDARD = "gnu++14";
				CLANG_CXX_LIBRARY = "libc++";
				CLANG_ENABLE_MODULES = YES;
				CLANG_ENABLE_OBJC_ARC = YES;
				CLANG_ENABLE_OBJC_WEAK = YES;
				CLANG_WARN_BLOCK_CAPTURE_AUTORELEASING = YES;
				CLANG_WARN_BOOL_CONVERSION = YES;
				CLANG_WARN_COMMA = YES;
				CLANG_WARN_CONSTANT_CONVERSION = YES;
				CLANG_WARN_DEPRECATED_OBJC_IMPLEMENTATIONS = YES;
				CLANG_WARN_DIRECT_OBJC_ISA_USAGE = YES_ERROR;
				CLANG_WARN_DOCUMENTATION_COMMENTS = YES;
				CLANG_WARN_EMPTY_BODY = YES;
				CLANG_WARN_ENUM_CONVERSION = YES;
				CLANG_WARN_INFINITE_RECURSION = YES;
				CLANG_WARN_INT_CONVERSION = YES;
				CLANG_WARN_NON_LITERAL_NULL_CONVERSION = YES;
				CLANG_WARN_OBJC_IMPLICIT_RETAIN_SELF = YES;
				CLANG_WARN_OBJC_LITERAL_CONVERSION = YES;
				CLANG_WARN_OBJC_ROOT_CLASS = YES_ERROR;
				CLANG_WARN_RANGE_LOOP_ANALYSIS = YES;
				CLANG_WARN_STRICT_PROTOTYPES = YES;
				CLANG_WARN_SUSPICIOUS_MOVE = YES;
				CLANG_WARN_UNGUARDED_AVAILABILITY = YES_AGGRESSIVE;
				CLANG_WARN_UNREACHABLE_CODE = YES;
				CLANG_WARN__DUPLICATE_METHOD_MATCH = YES;
				COPY_PHASE_STRIP = NO;
				DEBUG_INFORMATION_FORMAT = "dwarf-with-dsym";
				ENABLE_NS_ASSERTIONS = NO;
				ENABLE_STRICT_OBJC_MSGSEND = YES;
				GCC_C_LANGUAGE_STANDARD = gnu11;
				GCC_NO_COMMON_BLOCKS = YES;
				GCC_WARN_64_TO_32_BIT_CONVERSION = YES;
				GCC_WARN_ABOUT_RETURN_TYPE = YES_ERROR;
				GCC_WARN_UNDECLARED_SELECTOR = YES;
				GCC_WARN_UNINITIALIZED_AUTOS = YES_AGGRESSIVE;
				GCC_WARN_UNUSED_FUNCTION = YES;
				GCC_WARN_UNUSED_VARIABLE = YES;
				IPHONEOS_DEPLOYMENT_TARGET = 13.6;
				MTL_ENABLE_DEBUG_INFO = NO;
				MTL_FAST_MATH = YES;
				SDKROOT = iphoneos;
				SWIFT_COMPILATION_MODE = wholemodule;
				SWIFT_OPTIMIZATION_LEVEL = "-O";
				VALIDATE_PRODUCT = YES;
			};
			name = Release;
		};
		295FE0F124DDAB03007F4B52 /* Debug */ = {
			isa = XCBuildConfiguration;
			buildSettings = {
				ASSETCATALOG_COMPILER_APPICON_NAME = AppIcon;
				CODE_SIGN_STYLE = Automatic;
				DEVELOPMENT_TEAM = GRG84YP2QU;
				INFOPLIST_FILE = Test/Info.plist;
				LD_RUNPATH_SEARCH_PATHS = (
					"$(inherited)",
					"@executable_path/Frameworks",
				);
				PRODUCT_BUNDLE_IDENTIFIER = "big-Miyabi.Test";
				PRODUCT_NAME = "$(TARGET_NAME)";
				SWIFT_VERSION = 5.0;
				TARGETED_DEVICE_FAMILY = "1,2";
			};
			name = Debug;
		};
		295FE0F224DDAB03007F4B52 /* Release */ = {
			isa = XCBuildConfiguration;
			buildSettings = {
				ASSETCATALOG_COMPILER_APPICON_NAME = AppIcon;
				CODE_SIGN_STYLE = Automatic;
				DEVELOPMENT_TEAM = GRG84YP2QU;
				INFOPLIST_FILE = Test/Info.plist;
				LD_RUNPATH_SEARCH_PATHS = (
					"$(inherited)",
					"@executable_path/Frameworks",
				);
				PRODUCT_BUNDLE_IDENTIFIER = "big-Miyabi.Test";
				PRODUCT_NAME = "$(TARGET_NAME)";
				SWIFT_VERSION = 5.0;
				TARGETED_DEVICE_FAMILY = "1,2";
			};
			name = Release;
		};
		295FE0F424DDAB03007F4B52 /* Debug */ = {
			isa = XCBuildConfiguration;
			buildSettings = {
				ALWAYS_EMBED_SWIFT_STANDARD_LIBRARIES = YES;
				BUNDLE_LOADER = "$(TEST_HOST)";
				CODE_SIGN_STYLE = Automatic;
				DEVELOPMENT_TEAM = GRG84YP2QU;
				INFOPLIST_FILE = TestTests/Info.plist;
				IPHONEOS_DEPLOYMENT_TARGET = 13.6;
				LD_RUNPATH_SEARCH_PATHS = (
					"$(inherited)",
					"@executable_path/Frameworks",
					"@loader_path/Frameworks",
				);
				PRODUCT_BUNDLE_IDENTIFIER = "big-Miyabi.TestTests";
				PRODUCT_NAME = "$(TARGET_NAME)";
				SWIFT_VERSION = 5.0;
				TARGETED_DEVICE_FAMILY = "1,2";
				TEST_HOST = "$(BUILT_PRODUCTS_DIR)/Test.app/Test";
			};
			name = Debug;
		};
		295FE0F524DDAB03007F4B52 /* Release */ = {
			isa = XCBuildConfiguration;
			buildSettings = {
				ALWAYS_EMBED_SWIFT_STANDARD_LIBRARIES = YES;
				BUNDLE_LOADER = "$(TEST_HOST)";
				CODE_SIGN_STYLE = Automatic;
				DEVELOPMENT_TEAM = GRG84YP2QU;
				INFOPLIST_FILE = TestTests/Info.plist;
				IPHONEOS_DEPLOYMENT_TARGET = 13.6;
				LD_RUNPATH_SEARCH_PATHS = (
					"$(inherited)",
					"@executable_path/Frameworks",
					"@loader_path/Frameworks",
				);
				PRODUCT_BUNDLE_IDENTIFIER = "big-Miyabi.TestTests";
				PRODUCT_NAME = "$(TARGET_NAME)";
				SWIFT_VERSION = 5.0;
				TARGETED_DEVICE_FAMILY = "1,2";
				TEST_HOST = "$(BUILT_PRODUCTS_DIR)/Test.app/Test";
			};
			name = Release;
		};
		295FE0F724DDAB03007F4B52 /* Debug */ = {
			isa = XCBuildConfiguration;
			buildSettings = {
				ALWAYS_EMBED_SWIFT_STANDARD_LIBRARIES = YES;
				CODE_SIGN_STYLE = Automatic;
				DEVELOPMENT_TEAM = GRG84YP2QU;
				INFOPLIST_FILE = TestUITests/Info.plist;
				LD_RUNPATH_SEARCH_PATHS = (
					"$(inherited)",
					"@executable_path/Frameworks",
					"@loader_path/Frameworks",
				);
				PRODUCT_BUNDLE_IDENTIFIER = "big-Miyabi.TestUITests";
				PRODUCT_NAME = "$(TARGET_NAME)";
				SWIFT_VERSION = 5.0;
				TARGETED_DEVICE_FAMILY = "1,2";
				TEST_TARGET_NAME = Test;
			};
			name = Debug;
		};
		295FE0F824DDAB03007F4B52 /* Release */ = {
			isa = XCBuildConfiguration;
			buildSettings = {
				ALWAYS_EMBED_SWIFT_STANDARD_LIBRARIES = YES;
				CODE_SIGN_STYLE = Automatic;
				DEVELOPMENT_TEAM = GRG84YP2QU;
				INFOPLIST_FILE = TestUITests/Info.plist;
				LD_RUNPATH_SEARCH_PATHS = (
					"$(inherited)",
					"@executable_path/Frameworks",
					"@loader_path/Frameworks",
				);
				PRODUCT_BUNDLE_IDENTIFIER = "big-Miyabi.TestUITests";
				PRODUCT_NAME = "$(TARGET_NAME)";
				SWIFT_VERSION = 5.0;
				TARGETED_DEVICE_FAMILY = "1,2";
				TEST_TARGET_NAME = Test;
			};
			name = Release;
		};
/* End XCBuildConfiguration section */

/* Begin XCConfigurationList section */
		295FE0C124DDAB01007F4B52 /* Build configuration list for PBXProject "Test" */ = {
			isa = XCConfigurationList;
			buildConfigurations = (
				295FE0EE24DDAB03007F4B52 /* Debug */,
				295FE0EF24DDAB03007F4B52 /* Release */,
			);
			defaultConfigurationIsVisible = 0;
			defaultConfigurationName = Release;
		};
		295FE0F024DDAB03007F4B52 /* Build configuration list for PBXNativeTarget "Test" */ = {
			isa = XCConfigurationList;
			buildConfigurations = (
				295FE0F124DDAB03007F4B52 /* Debug */,
				295FE0F224DDAB03007F4B52 /* Release */,
			);
			defaultConfigurationIsVisible = 0;
			defaultConfigurationName = Release;
		};
		295FE0F324DDAB03007F4B52 /* Build configuration list for PBXNativeTarget "TestTests" */ = {
			isa = XCConfigurationList;
			buildConfigurations = (
				295FE0F424DDAB03007F4B52 /* Debug */,
				295FE0F524DDAB03007F4B52 /* Release */,
			);
			defaultConfigurationIsVisible = 0;
			defaultConfigurationName = Release;
		};
		295FE0F624DDAB03007F4B52 /* Build configuration list for PBXNativeTarget "TestUITests" */ = {
			isa = XCConfigurationList;
			buildConfigurations = (
				295FE0F724DDAB03007F4B52 /* Debug */,
				295FE0F824DDAB03007F4B52 /* Release */,
			);
			defaultConfigurationIsVisible = 0;
			defaultConfigurationName = Release;
		};
/* End XCConfigurationList section */
	};
	rootObject = 295FE0BE24DDAB01007F4B52 /* Project object */;
}
